
Microsoft Visual Studio Solution File, Format Version 12.00
# Visual Studio Version 17
VisualStudioVersion = 17.4.33205.214
MinimumVisualStudioVersion = 10.0.40219.1
Project("{FAE04EC0-301F-11D3-BF4B-00C04F79EFBC}") = "PRN221_Project_Blog", "PRN221_Project_Blog.csproj", "{AB3D15CD-8D73-4587-AFBF-AA1708A18F57}"
EndProject
Global
	GlobalSection(SolutionConfigurationPlatforms) = preSolution
		Debug|Any CPU = Debug|Any CPU
		Release|Any CPU = Release|Any CPU
	EndGlobalSection
	GlobalSection(ProjectConfigurationPlatforms) = postSolution
		{AB3D15CD-8D73-4587-AFBF-AA1708A18F57}.Debug|Any CPU.ActiveCfg = Debug|Any CPU
		{AB3D15CD-8D73-4587-AFBF-AA1708A18F57}.Debug|Any CPU.Build.0 = Debug|Any CPU
		{AB3D15CD-8D73-4587-AFBF-AA1708A18F57}.Release|Any CPU.ActiveCfg = Release|Any CPU
		{AB3D15CD-8D73-4587-AFBF-AA1708A18F57}.Release|Any CPU.Build.0 = Release|Any CPU
	EndGlobalSection
	GlobalSection(SolutionProperties) = preSolution
		HideSolutionNode = FALSE
	EndGlobalSection
	GlobalSection(ExtensibilityGlobals) = postSolution
		SolutionGuid = {37772100-D45A-46B3-B162-78D4673DFA47}
	EndGlobalSection
EndGlobal
